
Microsoft Visual Studio Solution File, Format Version 12.00
# Visual Studio 15
VisualStudioVersion = 15.0.26124.0
MinimumVisualStudioVersion = 15.0.26124.0
Project("{FAE04EC0-301F-11D3-BF4B-00C04F79EFBC}") = "API", "API\API.csproj", "{CA5C8985-21EF-485D-BB0D-6742102B4B0A}"
EndProject
Project("{FAE04EC0-301F-11D3-BF4B-00C04F79EFBC}") = "Core", "Core\Core.csproj", "{D0621A9C-9A68-404C-8898-1A387092EB6A}"
EndProject
Project("{FAE04EC0-301F-11D3-BF4B-00C04F79EFBC}") = "infrastructure", "infrastructure\infrastructure.csproj", "{DA193097-87BB-4B53-8329-8CEBE55E4732}"
EndProject
Global
	GlobalSection(SolutionConfigurationPlatforms) = preSolution
		Debug|Any CPU = Debug|Any CPU
		Debug|x64 = Debug|x64
		Debug|x86 = Debug|x86
		Release|Any CPU = Release|Any CPU
		Release|x64 = Release|x64
		Release|x86 = Release|x86
	EndGlobalSection
	GlobalSection(SolutionProperties) = preSolution
		HideSolutionNode = FALSE
	EndGlobalSection
	GlobalSection(ProjectConfigurationPlatforms) = postSolution
		{CA5C8985-21EF-485D-BB0D-6742102B4B0A}.Debug|Any CPU.ActiveCfg = Debug|Any CPU
		{CA5C8985-21EF-485D-BB0D-6742102B4B0A}.Debug|Any CPU.Build.0 = Debug|Any CPU
		{CA5C8985-21EF-485D-BB0D-6742102B4B0A}.Debug|x64.ActiveCfg = Debug|Any CPU
		{CA5C8985-21EF-485D-BB0D-6742102B4B0A}.Debug|x64.Build.0 = Debug|Any CPU
		{CA5C8985-21EF-485D-BB0D-6742102B4B0A}.Debug|x86.ActiveCfg = Debug|Any CPU
		{CA5C8985-21EF-485D-BB0D-6742102B4B0A}.Debug|x86.Build.0 = Debug|Any CPU
		{CA5C8985-21EF-485D-BB0D-6742102B4B0A}.Release|Any CPU.ActiveCfg = Release|Any CPU
		{CA5C8985-21EF-485D-BB0D-6742102B4B0A}.Release|Any CPU.Build.0 = Release|Any CPU
		{CA5C8985-21EF-485D-BB0D-6742102B4B0A}.Release|x64.ActiveCfg = Release|Any CPU
		{CA5C8985-21EF-485D-BB0D-6742102B4B0A}.Release|x64.Build.0 = Release|Any CPU
		{CA5C8985-21EF-485D-BB0D-6742102B4B0A}.Release|x86.ActiveCfg = Release|Any CPU
		{CA5C8985-21EF-485D-BB0D-6742102B4B0A}.Release|x86.Build.0 = Release|Any CPU
		{D0621A9C-9A68-404C-8898-1A387092EB6A}.Debug|Any CPU.ActiveCfg = Debug|Any CPU
		{D0621A9C-9A68-404C-8898-1A387092EB6A}.Debug|Any CPU.Build.0 = Debug|Any CPU
		{D0621A9C-9A68-404C-8898-1A387092EB6A}.Debug|x64.ActiveCfg = Debug|Any CPU
		{D0621A9C-9A68-404C-8898-1A387092EB6A}.Debug|x64.Build.0 = Debug|Any CPU
		{D0621A9C-9A68-404C-8898-1A387092EB6A}.Debug|x86.ActiveCfg = Debug|Any CPU
		{D0621A9C-9A68-404C-8898-1A387092EB6A}.Debug|x86.Build.0 = Debug|Any CPU
		{D0621A9C-9A68-404C-8898-1A387092EB6A}.Release|Any CPU.ActiveCfg = Release|Any CPU
		{D0621A9C-9A68-404C-8898-1A387092EB6A}.Release|Any CPU.Build.0 = Release|Any CPU
		{D0621A9C-9A68-404C-8898-1A387092EB6A}.Release|x64.ActiveCfg = Release|Any CPU
		{D0621A9C-9A68-404C-8898-1A387092EB6A}.Release|x64.Build.0 = Release|Any CPU
		{D0621A9C-9A68-404C-8898-1A387092EB6A}.Release|x86.ActiveCfg = Release|Any CPU
		{D0621A9C-9A68-404C-8898-1A387092EB6A}.Release|x86.Build.0 = Release|Any CPU
		{DA193097-87BB-4B53-8329-8CEBE55E4732}.Debug|Any CPU.ActiveCfg = Debug|Any CPU
		{DA193097-87BB-4B53-8329-8CEBE55E4732}.Debug|Any CPU.Build.0 = Debug|Any CPU
		{DA193097-87BB-4B53-8329-8CEBE55E4732}.Debug|x64.ActiveCfg = Debug|Any CPU
		{DA193097-87BB-4B53-8329-8CEBE55E4732}.Debug|x64.Build.0 = Debug|Any CPU
		{DA193097-87BB-4B53-8329-8CEBE55E4732}.Debug|x86.ActiveCfg = Debug|Any CPU
		{DA193097-87BB-4B53-8329-8CEBE55E4732}.Debug|x86.Build.0 = Debug|Any CPU
		{DA193097-87BB-4B53-8329-8CEBE55E4732}.Release|Any CPU.ActiveCfg = Release|Any CPU
		{DA193097-87BB-4B53-8329-8CEBE55E4732}.Release|Any CPU.Build.0 = Release|Any CPU
		{DA193097-87BB-4B53-8329-8CEBE55E4732}.Release|x64.ActiveCfg = Release|Any CPU
		{DA193097-87BB-4B53-8329-8CEBE55E4732}.Release|x64.Build.0 = Release|Any CPU
		{DA193097-87BB-4B53-8329-8CEBE55E4732}.Release|x86.ActiveCfg = Release|Any CPU
		{DA193097-87BB-4B53-8329-8CEBE55E4732}.Release|x86.Build.0 = Release|Any CPU
	EndGlobalSection
EndGlobal
